{
  "meteor": {},
  "dependencies": {
    "basePackages": {
      "moment": {},
      "gravatar": {},
      "crypto-base": {},
      "crypto-md5": {},
      "npm": {},
      "prettydate": {
        "git": "https://github.com/sergeyt/node-prettydate",
        "branch": "master"
      },
      "bootstrap-3": {},
      "accounts-fogbugz": {},
      "jquery-ui": {},
      "jquery-ui-bootstrap": {},
      "livequery": {},
      "user-session": {
        "git": "https://github.com/sergeyt/meteor-user-session",
        "branch": "master"
      },
      "typeahead": {
        "git": "https://github.com/sergeyt/meteor-typeahead",
        "branch": "master"
      }
    },
    "packages": {
      "moment": {
        "git": "https://github.com/acreeger/meteor-moment.git",
        "tag": "v2.2.1",
        "commit": "9ee12e714afe56b189f53076447b7b54f3012065"
      },
      "gravatar": {
        "git": "https://github.com/tmeasday/meteor-gravatar.git",
        "tag": "v0.0.4",
        "commit": "d1052ff4401725c23fb199c0e0a36e29b926bc22"
      },
      "crypto-base": {
        "git": "https://github.com/oortcloud/meteor-crypto-base.git",
        "tag": "v3.1.2.1",
        "commit": "5df8d82a0595553415bbfae2930c6ecbeece5794"
      },
      "crypto-md5": {
        "git": "https://github.com/oortcloud/meteor-crypto-md5.git",
        "tag": "v3.1.2.2",
        "commit": "75bbb3eeace302122d3554a6212a6fe92553fa18"
      },
      "npm": {
        "git": "https://github.com/arunoda/meteor-npm.git",
        "tag": "v0.2.6",
        "commit": "177ab6118de5bf8cffb19481343d5762ff7a2aaf"
      },
      "prettydate": {
        "git": "https://github.com/sergeyt/node-prettydate",
        "branch": "master",
        "commit": "d4db971a65742555c04fc02eadf74edd90ade180"
      },
      "bootstrap-3": {
        "git": "https://github.com/mangasocial/meteor-bootstrap-3.git",
        "tag": "v0.3.7",
        "commit": "5dd0d142c870647b910be80bc777b96f0dd45e5e"
      },
      "accounts-fogbugz": {
        "git": "https://github.com/sergeyt/meteor-accounts-fogbugz.git",
        "tag": "v0.0.1",
        "commit": "ba93bb47be91bba0e65aae9a9b45566e52e91f61"
      },
      "jquery-ui": {
        "git": "https://github.com/TimHeckel/meteor-jquery-ui.git",
        "tag": "v1.9.2",
        "commit": "c437d45edcf1367df8d5ffa8bad2867758030bd2"
      },
      "jquery-ui-bootstrap": {
        "git": "https://github.com/TimHeckel/meteor-jquery-ui-bootstrap.git",
        "tag": "v0.1.2",
        "commit": "fa742a85639307003e105898e15b631394b63509"
      },
      "livequery": {
        "git": "https://github.com/sergeyt/livequery.git",
        "tag": "v1.3.7",
        "commit": "a267b59732fdd6ebe8a3c3782ca97a202cd889ee"
      },
      "user-session": {
        "git": "https://github.com/sergeyt/meteor-user-session",
        "branch": "master",
        "commit": "f83f9a7d6d64121289ce47c9739d6c871fb8bec8"
      },
      "typeahead": {
        "git": "https://github.com/sergeyt/meteor-typeahead",
        "branch": "master",
        "commit": "3714bd36319ec13dc112934a8e6401fe59c96001"
      }
    }
  }
}
