{
  "meteor": {},
  "dependencies": {
    "basePackages": {
      "reactive-property": {
        "git": "https://github.com/CollectionFS/Meteor-reactive-property.git",
        "branch": "master"
      },
      "reactive-list": {
        "git": "https://github.com/CollectionFS/Meteor-reactive-list.git",
        "branch": "master"
      },
      "moment": {},
      "gravatar": {},
      "crypto-base": {},
      "crypto-md5": {},
      "npm": {},
      "power-queue": {},
      "bootstrap-3": {},
      "accounts-fogbugz": {},
      "jquery-ui": {},
      "jquery-ui-bootstrap": {},
      "livequery": {},
      "user-session": {
        "git": "https://github.com/sergeyt/meteor-user-session",
        "branch": "master"
      },
      "typeahead": {
        "git": "https://github.com/sergeyt/meteor-typeahead",
        "branch": "master"
      },
      "d3": {},
      "dimple": {},
      "d3-gems": {}
    },
    "packages": {
      "reactive-property": {
        "git": "https://github.com/CollectionFS/Meteor-reactive-property.git",
        "branch": "master",
        "commit": "2318caecbd9adb8b2ca923f656d5cff44de900ef"
      },
      "reactive-list": {
        "git": "https://github.com/CollectionFS/Meteor-reactive-list.git",
        "branch": "master",
        "commit": "c19e3ea85d62df46a4029d37b5bf704375b5dfea"
      },
      "moment": {
        "git": "https://github.com/acreeger/meteor-moment.git",
        "tag": "v2.5.1",
        "commit": "8c9bc5d3fc96705057737cb9743d555417f6e551"
      },
      "gravatar": {
        "git": "https://github.com/tmeasday/meteor-gravatar.git",
        "tag": "v0.0.4",
        "commit": "d1052ff4401725c23fb199c0e0a36e29b926bc22"
      },
      "crypto-base": {
        "git": "https://github.com/oortcloud/meteor-crypto-base.git",
        "tag": "v3.1.2.1",
        "commit": "5df8d82a0595553415bbfae2930c6ecbeece5794"
      },
      "crypto-md5": {
        "git": "https://github.com/oortcloud/meteor-crypto-md5.git",
        "tag": "v3.1.2.2",
        "commit": "75bbb3eeace302122d3554a6212a6fe92553fa18"
      },
      "npm": {
        "git": "https://github.com/arunoda/meteor-npm.git",
        "tag": "v0.2.6",
        "commit": "177ab6118de5bf8cffb19481343d5762ff7a2aaf"
      },
      "power-queue": {
        "git": "https://github.com/CollectionFS/Meteor-powerqueue.git",
        "tag": "v0.9.1",
        "commit": "b9c28d844bd495ac220772d4c6adc5e4b855553e"
      },
      "bootstrap-3": {
        "git": "https://github.com/mangasocial/meteor-bootstrap-3.git",
        "tag": "v3.1.0-1",
        "commit": "329dccb08bfc18c635676dea600ac9953162cda9"
      },
      "accounts-fogbugz": {
        "git": "https://github.com/sergeyt/meteor-accounts-fogbugz.git",
        "tag": "v0.0.1",
        "commit": "ba93bb47be91bba0e65aae9a9b45566e52e91f61"
      },
      "jquery-ui": {
        "git": "https://github.com/TimHeckel/meteor-jquery-ui.git",
        "tag": "v1.9.2",
        "commit": "c437d45edcf1367df8d5ffa8bad2867758030bd2"
      },
      "jquery-ui-bootstrap": {
        "git": "https://github.com/TimHeckel/meteor-jquery-ui-bootstrap.git",
        "tag": "v0.1.2",
        "commit": "fa742a85639307003e105898e15b631394b63509"
      },
      "livequery": {
        "git": "https://github.com/sergeyt/livequery.git",
        "tag": "v1.3.7",
        "commit": "a267b59732fdd6ebe8a3c3782ca97a202cd889ee"
      },
      "user-session": {
        "git": "https://github.com/sergeyt/meteor-user-session",
        "branch": "master",
        "commit": "f83f9a7d6d64121289ce47c9739d6c871fb8bec8"
      },
      "typeahead": {
        "git": "https://github.com/sergeyt/meteor-typeahead",
        "branch": "master",
        "commit": "ed60bf5c2c442072a69b9dff5fd3e3d21ae31b8e"
      },
      "d3": {
        "git": "https://github.com/sergeyt/meteor-d3.git",
        "tag": "v3.4.1",
        "commit": "bdfee250a332b516a158ed0913ec9363850afe0d"
      },
      "dimple": {
        "git": "https://github.com/sergeyt/meteor-dimple.git",
        "tag": "v1.1.3",
        "commit": "05d3a635f813b3343dc2a18c4a62a2a5339d3413"
      },
      "d3-gems": {
        "git": "https://github.com/sergeyt/meteor-d3-gems.git",
        "tag": "v0.0.7",
        "commit": "a7a2337b2c7d1a785fbb32f63caafb73f06e8d22"
      }
    }
  }
}
